
Microsoft Visual Studio Solution File, Format Version 12.00
# Visual Studio Version 16
VisualStudioVersion = 16.0.30309.148
MinimumVisualStudioVersion = 10.0.40219.1
Project("{FAE04EC0-301F-11D3-BF4B-00C04F79EFBC}") = "OutOfClassAssigntment5", "OutOfClassAssigntment5\OutOfClassAssigntment5.csproj", "{80901388-6394-4305-8936-55A2E3218097}"
EndProject
Global
	GlobalSection(SolutionConfigurationPlatforms) = preSolution
		Debug|Any CPU = Debug|Any CPU
		Release|Any CPU = Release|Any CPU
	EndGlobalSection
	GlobalSection(ProjectConfigurationPlatforms) = postSolution
		{80901388-6394-4305-8936-55A2E3218097}.Debug|Any CPU.ActiveCfg = Debug|Any CPU
		{80901388-6394-4305-8936-55A2E3218097}.Debug|Any CPU.Build.0 = Debug|Any CPU
		{80901388-6394-4305-8936-55A2E3218097}.Release|Any CPU.ActiveCfg = Release|Any CPU
		{80901388-6394-4305-8936-55A2E3218097}.Release|Any CPU.Build.0 = Release|Any CPU
	EndGlobalSection
	GlobalSection(SolutionProperties) = preSolution
		HideSolutionNode = FALSE
	EndGlobalSection
	GlobalSection(ExtensibilityGlobals) = postSolution
		SolutionGuid = {46365EC1-23D7-4258-A841-B7F779E810C3}
	EndGlobalSection
EndGlobal
